Microsoft Visual Studio Solution File, Format Version 11.00
# Visual Studio 2008

Project("{301DBA66-9A8B-0EEA-C8CC-E2F55E1A209E}") = "faustosouls-project", "Assembly-CSharp-firstpass.csproj", "{38BC71CB-08AA-9218-D2AE-EC385345B6F5}"
EndProject
Project("{301DBA66-9A8B-0EEA-C8CC-E2F55E1A209E}") = "faustosouls-project", "Assembly-CSharp.csproj", "{A7592954-D142-4A7E-FFD2-7431D81D1B8C}"
EndProject
Project("{301DBA66-9A8B-0EEA-C8CC-E2F55E1A209E}") = "faustosouls-project", "Assembly-CSharp-Editor.csproj", "{0BCF0ED4-A9F6-CECD-4AF7-107B18D66163}"
EndProject
Global
	GlobalSection(SolutionConfigurationPlatforms) = preSolution
		Debug|Any CPU = Debug|Any CPU
		Release|Any CPU = Release|Any CPU
	EndGlobalSection
	GlobalSection(ProjectConfigurationPlatforms) = postSolution
		{38BC71CB-08AA-9218-D2AE-EC385345B6F5}.Debug|Any CPU.ActiveCfg = Debug|Any CPU
		{38BC71CB-08AA-9218-D2AE-EC385345B6F5}.Debug|Any CPU.Build.0 = Debug|Any CPU
		{38BC71CB-08AA-9218-D2AE-EC385345B6F5}.Release|Any CPU.ActiveCfg = Release|Any CPU
		{38BC71CB-08AA-9218-D2AE-EC385345B6F5}.Release|Any CPU.Build.0 = Release|Any CPU
		{A7592954-D142-4A7E-FFD2-7431D81D1B8C}.Debug|Any CPU.ActiveCfg = Debug|Any CPU
		{A7592954-D142-4A7E-FFD2-7431D81D1B8C}.Debug|Any CPU.Build.0 = Debug|Any CPU
		{A7592954-D142-4A7E-FFD2-7431D81D1B8C}.Release|Any CPU.ActiveCfg = Release|Any CPU
		{A7592954-D142-4A7E-FFD2-7431D81D1B8C}.Release|Any CPU.Build.0 = Release|Any CPU
		{0BCF0ED4-A9F6-CECD-4AF7-107B18D66163}.Debug|Any CPU.ActiveCfg = Debug|Any CPU
		{0BCF0ED4-A9F6-CECD-4AF7-107B18D66163}.Debug|Any CPU.Build.0 = Debug|Any CPU
		{0BCF0ED4-A9F6-CECD-4AF7-107B18D66163}.Release|Any CPU.ActiveCfg = Release|Any CPU
		{0BCF0ED4-A9F6-CECD-4AF7-107B18D66163}.Release|Any CPU.Build.0 = Release|Any CPU
	EndGlobalSection
	GlobalSection(SolutionProperties) = preSolution
		HideSolutionNode = FALSE
	EndGlobalSection
	GlobalSection(MonoDevelopProperties) = preSolution
		StartupItem = Assembly-CSharp.csproj
	EndGlobalSection
EndGlobal
