Microsoft Visual Studio Solution File, Format Version 11.00
# Visual Studio 2008

Project("{5B3CCE6A-F266-AF4E-BF0F-49D8D6493D9A}") = "Teste2d", "Assembly-CSharp-firstpass.csproj", "{B320FC79-5F0C-4F6A-9FCB-8FAA185434FD}"
EndProject
Project("{5B3CCE6A-F266-AF4E-BF0F-49D8D6493D9A}") = "Teste2d", "Assembly-CSharp.csproj", "{D490A0EA-5624-A698-D375-740F19703607}"
EndProject
Project("{5B3CCE6A-F266-AF4E-BF0F-49D8D6493D9A}") = "Teste2d", "Assembly-CSharp-Editor.csproj", "{D6363FAA-2D78-B82D-9B8D-7942201C7B32}"
EndProject
Global
	GlobalSection(SolutionConfigurationPlatforms) = preSolution
		Debug|Any CPU = Debug|Any CPU
		Release|Any CPU = Release|Any CPU
	EndGlobalSection
	GlobalSection(ProjectConfigurationPlatforms) = postSolution
		{B320FC79-5F0C-4F6A-9FCB-8FAA185434FD}.Debug|Any CPU.ActiveCfg = Debug|Any CPU
		{B320FC79-5F0C-4F6A-9FCB-8FAA185434FD}.Debug|Any CPU.Build.0 = Debug|Any CPU
		{B320FC79-5F0C-4F6A-9FCB-8FAA185434FD}.Release|Any CPU.ActiveCfg = Release|Any CPU
		{B320FC79-5F0C-4F6A-9FCB-8FAA185434FD}.Release|Any CPU.Build.0 = Release|Any CPU
		{D490A0EA-5624-A698-D375-740F19703607}.Debug|Any CPU.ActiveCfg = Debug|Any CPU
		{D490A0EA-5624-A698-D375-740F19703607}.Debug|Any CPU.Build.0 = Debug|Any CPU
		{D490A0EA-5624-A698-D375-740F19703607}.Release|Any CPU.ActiveCfg = Release|Any CPU
		{D490A0EA-5624-A698-D375-740F19703607}.Release|Any CPU.Build.0 = Release|Any CPU
		{D6363FAA-2D78-B82D-9B8D-7942201C7B32}.Debug|Any CPU.ActiveCfg = Debug|Any CPU
		{D6363FAA-2D78-B82D-9B8D-7942201C7B32}.Debug|Any CPU.Build.0 = Debug|Any CPU
		{D6363FAA-2D78-B82D-9B8D-7942201C7B32}.Release|Any CPU.ActiveCfg = Release|Any CPU
		{D6363FAA-2D78-B82D-9B8D-7942201C7B32}.Release|Any CPU.Build.0 = Release|Any CPU
	EndGlobalSection
	GlobalSection(SolutionProperties) = preSolution
		HideSolutionNode = FALSE
	EndGlobalSection
	GlobalSection(MonoDevelopProperties) = preSolution
		StartupItem = Assembly-CSharp.csproj
	EndGlobalSection
EndGlobal
